
Microsoft Visual Studio Solution File, Format Version 12.00
# Visual Studio 15
VisualStudioVersion = 15.0.28307.1433
MinimumVisualStudioVersion = 10.0.40219.1
Project("{F184B08F-C81C-45F6-A57F-5ABD9991F28F}") = "TPESTRUCTURAOPCIONES", "TPESTRUCTURAOPCIONES\TPESTRUCTURAOPCIONES.vbproj", "{02E53A7E-1313-4F76-B1F2-B51E02854EA3}"
EndProject
Global
	GlobalSection(SolutionConfigurationPlatforms) = preSolution
		Debug|Any CPU = Debug|Any CPU
		Release|Any CPU = Release|Any CPU
	EndGlobalSection
	GlobalSection(ProjectConfigurationPlatforms) = postSolution
		{02E53A7E-1313-4F76-B1F2-B51E02854EA3}.Debug|Any CPU.ActiveCfg = Debug|Any CPU
		{02E53A7E-1313-4F76-B1F2-B51E02854EA3}.Debug|Any CPU.Build.0 = Debug|Any CPU
		{02E53A7E-1313-4F76-B1F2-B51E02854EA3}.Release|Any CPU.ActiveCfg = Release|Any CPU
		{02E53A7E-1313-4F76-B1F2-B51E02854EA3}.Release|Any CPU.Build.0 = Release|Any CPU
	EndGlobalSection
	GlobalSection(SolutionProperties) = preSolution
		HideSolutionNode = FALSE
	EndGlobalSection
	GlobalSection(ExtensibilityGlobals) = postSolution
		SolutionGuid = {527CF949-8BF2-4212-A662-F0E06BD01A74}
	EndGlobalSection
EndGlobal
